
Microsoft Visual Studio Solution File, Format Version 12.00
# Visual Studio Version 17
VisualStudioVersion = 17.10.35013.160
MinimumVisualStudioVersion = 10.0.40219.1
Project("{9A19103F-16F7-4668-BE54-9A1E7A4F7556}") = "PredatorsApp", "PredatorsApp\PredatorsApp.csproj", "{F4FE7DEE-D909-483F-9622-74D445CF10D6}"
EndProject
Project("{FAE04EC0-301F-11D3-BF4B-00C04F79EFBC}") = "TestPredators", "TestPredators\TestPredators.csproj", "{B61A6D77-0328-4C88-9061-873EA810893F}"
EndProject
Global
	GlobalSection(SolutionConfigurationPlatforms) = preSolution
		Debug|Any CPU = Debug|Any CPU
		Release|Any CPU = Release|Any CPU
	EndGlobalSection
	GlobalSection(ProjectConfigurationPlatforms) = postSolution
		{F4FE7DEE-D909-483F-9622-74D445CF10D6}.Debug|Any CPU.ActiveCfg = Debug|Any CPU
		{F4FE7DEE-D909-483F-9622-74D445CF10D6}.Debug|Any CPU.Build.0 = Debug|Any CPU
		{F4FE7DEE-D909-483F-9622-74D445CF10D6}.Release|Any CPU.ActiveCfg = Release|Any CPU
		{F4FE7DEE-D909-483F-9622-74D445CF10D6}.Release|Any CPU.Build.0 = Release|Any CPU
		{B61A6D77-0328-4C88-9061-873EA810893F}.Debug|Any CPU.ActiveCfg = Debug|Any CPU
		{B61A6D77-0328-4C88-9061-873EA810893F}.Debug|Any CPU.Build.0 = Debug|Any CPU
		{B61A6D77-0328-4C88-9061-873EA810893F}.Release|Any CPU.ActiveCfg = Release|Any CPU
		{B61A6D77-0328-4C88-9061-873EA810893F}.Release|Any CPU.Build.0 = Release|Any CPU
	EndGlobalSection
	GlobalSection(SolutionProperties) = preSolution
		HideSolutionNode = FALSE
	EndGlobalSection
	GlobalSection(ExtensibilityGlobals) = postSolution
		SolutionGuid = {6EFC8664-40BB-4D89-B7A8-8074FDC81BBD}
	EndGlobalSection
EndGlobal
