
Microsoft Visual Studio Solution File, Format Version 12.00
# Visual Studio Version 17
VisualStudioVersion = 17.10.35013.160
MinimumVisualStudioVersion = 10.0.40219.1
Project("{FAE04EC0-301F-11D3-BF4B-00C04F79EFBC}") = "SeleniumTest", "SeleniumTest\SeleniumTest.csproj", "{3917ED2E-5459-4841-A9F5-1EFBCF52976A}"
EndProject
Global
	GlobalSection(SolutionConfigurationPlatforms) = preSolution
		Debug|Any CPU = Debug|Any CPU
		Release|Any CPU = Release|Any CPU
	EndGlobalSection
	GlobalSection(ProjectConfigurationPlatforms) = postSolution
		{3917ED2E-5459-4841-A9F5-1EFBCF52976A}.Debug|Any CPU.ActiveCfg = Debug|Any CPU
		{3917ED2E-5459-4841-A9F5-1EFBCF52976A}.Debug|Any CPU.Build.0 = Debug|Any CPU
		{3917ED2E-5459-4841-A9F5-1EFBCF52976A}.Release|Any CPU.ActiveCfg = Release|Any CPU
		{3917ED2E-5459-4841-A9F5-1EFBCF52976A}.Release|Any CPU.Build.0 = Release|Any CPU
	EndGlobalSection
	GlobalSection(SolutionProperties) = preSolution
		HideSolutionNode = FALSE
	EndGlobalSection
	GlobalSection(ExtensibilityGlobals) = postSolution
		SolutionGuid = {966F8650-881C-49A9-8200-25CC10949D29}
	EndGlobalSection
EndGlobal
